Microsoft Visual Studio Solution File, Format Version 12.00
# Visual Studio Version 16
VisualStudioVersion = 16.0.29613.14
MinimumVisualStudioVersion = 10.0.40219.1
Project("{9A19103F-16F7-4668-BE54-9A1E7A4F7556}") = "ExtractTool", "ExtractTool.csproj", "{7B577DB9-2B43-472C-84D6-DC230387998F}"
EndProject
Global
	GlobalSection(SolutionConfigurationPlatforms) = preSolution
		Debug|Any CPU = Debug|Any CPU
		Release|Any CPU = Release|Any CPU
	EndGlobalSection
	GlobalSection(ProjectConfigurationPlatforms) = postSolution
		{7B577DB9-2B43-472C-84D6-DC230387998F}.Debug|Any CPU.ActiveCfg = Release|Any CPU
		{7B577DB9-2B43-472C-84D6-DC230387998F}.Debug|Any CPU.Build.0 = Release|Any CPU
		{7B577DB9-2B43-472C-84D6-DC230387998F}.Release|Any CPU.ActiveCfg = Release|Any CPU
		{7B577DB9-2B43-472C-84D6-DC230387998F}.Release|Any CPU.Build.0 = Release|Any CPU
	EndGlobalSection
	GlobalSection(SolutionProperties) = preSolution
		HideSolutionNode = FALSE
	EndGlobalSection
	GlobalSection(ExtensibilityGlobals) = postSolution
		SolutionGuid = {38d85e03-aeea-4098-b455-e24ea25e76c6}
	EndGlobalSection
EndGlobal
